
Microsoft Visual Studio Solution File, Format Version 12.00
# Visual Studio Version 16
VisualStudioVersion = 16.0.30611.23
MinimumVisualStudioVersion = 10.0.40219.1
Project("{FAE04EC0-301F-11D3-BF4B-00C04F79EFBC}") = "giraffe", "giraffe\giraffe.csproj", "{0059FC17-DF79-4182-802E-FA7EA1D289DE}"
EndProject
Global
	GlobalSection(SolutionConfigurationPlatforms) = preSolution
		Debug|Any CPU = Debug|Any CPU
		Release|Any CPU = Release|Any CPU
	EndGlobalSection
	GlobalSection(ProjectConfigurationPlatforms) = postSolution
		{0059FC17-DF79-4182-802E-FA7EA1D289DE}.Debug|Any CPU.ActiveCfg = Debug|Any CPU
		{0059FC17-DF79-4182-802E-FA7EA1D289DE}.Debug|Any CPU.Build.0 = Debug|Any CPU
		{0059FC17-DF79-4182-802E-FA7EA1D289DE}.Release|Any CPU.ActiveCfg = Release|Any CPU
		{0059FC17-DF79-4182-802E-FA7EA1D289DE}.Release|Any CPU.Build.0 = Release|Any CPU
	EndGlobalSection
	GlobalSection(SolutionProperties) = preSolution
		HideSolutionNode = FALSE
	EndGlobalSection
	GlobalSection(ExtensibilityGlobals) = postSolution
		SolutionGuid = {2CA84B99-679C-4198-90ED-5FE2402C8ECD}
	EndGlobalSection
EndGlobal
